// !$*UTF8*$!
{
	archiveVersion = 1;
	classes = {
	};
	objectVersion = 55;
	objects = {

/* Begin PBXBuildFile section */
		06604EFB27952759005E5F3E /* AppDelegate.swift in Sources */ = {isa = PBXBuildFile; fileRef = 06604EFA27952759005E5F3E /* AppDelegate.swift */; };
		06604EFD27952759005E5F3E /* SceneDelegate.swift in Sources */ = {isa = PBXBuildFile; fileRef = 06604EFC27952759005E5F3E /* SceneDelegate.swift */; };
		06604EFF27952759005E5F3E /* ViewController.swift in Sources */ = {isa = PBXBuildFile; fileRef = 06604EFE27952759005E5F3E /* ViewController.swift */; };
		06604F0227952759005E5F3E /* Main.storyboard in Resources */ = {isa = PBXBuildFile; fileRef = 06604F0027952759005E5F3E /* Main.storyboard */; };
		06604F042795275F005E5F3E /* Assets.xcassets in Resources */ = {isa = PBXBuildFile; fileRef = 06604F032795275F005E5F3E /* Assets.xcassets */; };
		06604F072795275F005E5F3E /* LaunchScreen.storyboard in Resources */ = {isa = PBXBuildFile; fileRef = 06604F052795275F005E5F3E /* LaunchScreen.storyboard */; };
		06604F122795275F005E5F3E /* StashboardTests.swift in Sources */ = {isa = PBXBuildFile; fileRef = 06604F112795275F005E5F3E /* StashboardTests.swift */; };
		06604F1C2795275F005E5F3E /* StashboardUITests.swift in Sources */ = {isa = PBXBuildFile; fileRef = 06604F1B2795275F005E5F3E /* StashboardUITests.swift */; };
		06604F1E27952760005E5F3E /* StashboardUITestsLaunchTests.swift in Sources */ = {isa = PBXBuildFile; fileRef = 06604F1D27952760005E5F3E /* StashboardUITestsLaunchTests.swift */; };
/* End PBXBuildFile section */

/* Begin PBXContainerItemProxy section */
		06604F0E2795275F005E5F3E /* PBXContainerItemProxy */ = {
			isa = PBXContainerItemProxy;
			containerPortal = 06604EEF27952759005E5F3E /* Project object */;
			proxyType = 1;
			remoteGlobalIDString = 06604EF627952759005E5F3E;
			remoteInfo = Stashboard;
		};
		06604F182795275F005E5F3E /* PBXContainerItemProxy */ = {
			isa = PBXContainerItemProxy;
			containerPortal = 06604EEF27952759005E5F3E /* Project object */;
			proxyType = 1;
			remoteGlobalIDString = 06604EF627952759005E5F3E;
			remoteInfo = Stashboard;
		};
/* End PBXContainerItemProxy section */

/* Begin PBXFileReference section */
		06604EF727952759005E5F3E /* Stashboard.app */ = {isa = PBXFileReference; explicitFileType = wrapper.application; includeInIndex = 0; path = Stashboard.app; sourceTree = BUILT_PRODUCTS_DIR; };
		06604EFA27952759005E5F3E /* AppDelegate.swift */ = {isa = PBXFileReference; lastKnownFileType = sourcecode.swift; path = AppDelegate.swift; sourceTree = "<group>"; };
		06604EFC27952759005E5F3E /* SceneDelegate.swift */ = {isa = PBXFileReference; lastKnownFileType = sourcecode.swift; path = SceneDelegate.swift; sourceTree = "<group>"; };
		06604EFE27952759005E5F3E /* ViewController.swift */ = {isa = PBXFileReference; lastKnownFileType = sourcecode.swift; path = ViewController.swift; sourceTree = "<group>"; };
		06604F0127952759005E5F3E /* Base */ = {isa = PBXFileReference; lastKnownFileType = file.storyboard; name = Base; path = Base.lproj/Main.storyboard; sourceTree = "<group>"; };
		06604F032795275F005E5F3E /* Assets.xcassets */ = {isa = PBXFileReference; lastKnownFileType = folder.assetcatalog; path = Assets.xcassets; sourceTree = "<group>"; };
		06604F062795275F005E5F3E /* Base */ = {isa = PBXFileReference; lastKnownFileType = file.storyboard; name = Base; path = Base.lproj/LaunchScreen.storyboard; sourceTree = "<group>"; };
		06604F082795275F005E5F3E /* Info.plist */ = {isa = PBXFileReference; lastKnownFileType = text.plist.xml; path = Info.plist; sourceTree = "<group>"; };
		06604F0D2795275F005E5F3E /* StashboardTests.xctest */ = {isa = PBXFileReference; explicitFileType = wrapper.cfbundle; includeInIndex = 0; path = StashboardTests.xctest; sourceTree = BUILT_PRODUCTS_DIR; };
		06604F112795275F005E5F3E /* StashboardTests.swift */ = {isa = PBXFileReference; lastKnownFileType = sourcecode.swift; path = StashboardTests.swift; sourceTree = "<group>"; };
		06604F172795275F005E5F3E /* StashboardUITests.xctest */ = {isa = PBXFileReference; explicitFileType = wrapper.cfbundle; includeInIndex = 0; path = StashboardUITests.xctest; sourceTree = BUILT_PRODUCTS_DIR; };
		06604F1B2795275F005E5F3E /* StashboardUITests.swift */ = {isa = PBXFileReference; lastKnownFileType = sourcecode.swift; path = StashboardUITests.swift; sourceTree = "<group>"; };
		06604F1D27952760005E5F3E /* StashboardUITestsLaunchTests.swift */ = {isa = PBXFileReference; lastKnownFileType = sourcecode.swift; path = StashboardUITestsLaunchTests.swift; sourceTree = "<group>"; };
/* End PBXFileReference section */

/* Begin PBXFrameworksBuildPhase section */
		06604EF427952759005E5F3E /* Frameworks */ = {
			isa = PBXFrameworksBuildPhase;
			buildActionMask = 2147483647;
			files = (
			);
			runOnlyForDeploymentPostprocessing = 0;
		};
		06604F0A2795275F005E5F3E /* Frameworks */ = {
			isa = PBXFrameworksBuildPhase;
			buildActionMask = 2147483647;
			files = (
			);
			runOnlyForDeploymentPostprocessing = 0;
		};
		06604F142795275F005E5F3E /* Frameworks */ = {
			isa = PBXFrameworksBuildPhase;
			buildActionMask = 2147483647;
			files = (
			);
			runOnlyForDeploymentPostprocessing = 0;
		};
/* End PBXFrameworksBuildPhase section */

/* Begin PBXGroup section */
		06604EEE27952759005E5F3E = {
			isa = PBXGroup;
			children = (
				06604EF927952759005E5F3E /* Stashboard */,
				06604F102795275F005E5F3E /* StashboardTests */,
				06604F1A2795275F005E5F3E /* StashboardUITests */,
				06604EF827952759005E5F3E /* Products */,
			);
			sourceTree = "<group>";
		};
		06604EF827952759005E5F3E /* Products */ = {
			isa = PBXGroup;
			children = (
				06604EF727952759005E5F3E /* Stashboard.app */,
				06604F0D2795275F005E5F3E /* StashboardTests.xctest */,
				06604F172795275F005E5F3E /* StashboardUITests.xctest */,
			);
			name = Products;
			sourceTree = "<group>";
		};
		06604EF927952759005E5F3E /* Stashboard */ = {
			isa = PBXGroup;
			children = (
				06604EFA27952759005E5F3E /* AppDelegate.swift */,
				06604EFC27952759005E5F3E /* SceneDelegate.swift */,
				06604EFE27952759005E5F3E /* ViewController.swift */,
				06604F0027952759005E5F3E /* Main.storyboard */,
				06604F032795275F005E5F3E /* Assets.xcassets */,
				06604F052795275F005E5F3E /* LaunchScreen.storyboard */,
				06604F082795275F005E5F3E /* Info.plist */,
			);
			path = Stashboard;
			sourceTree = "<group>";
		};
		06604F102795275F005E5F3E /* StashboardTests */ = {
			isa = PBXGroup;
			children = (
				06604F112795275F005E5F3E /* StashboardTests.swift */,
			);
			path = StashboardTests;
			sourceTree = "<group>";
		};
		06604F1A2795275F005E5F3E /* StashboardUITests */ = {
			isa = PBXGroup;
			children = (
				06604F1B2795275F005E5F3E /* StashboardUITests.swift */,
				06604F1D27952760005E5F3E /* StashboardUITestsLaunchTests.swift */,
			);
			path = StashboardUITests;
			sourceTree = "<group>";
		};
/* End PBXGroup section */

/* Begin PBXNativeTarget section */
		06604EF627952759005E5F3E /* Stashboard */ = {
			isa = PBXNativeTarget;
			buildConfigurationList = 06604F2127952760005E5F3E /* Build configuration list for PBXNativeTarget "Stashboard" */;
			buildPhases = (
				06604EF327952759005E5F3E /* Sources */,
				06604EF427952759005E5F3E /* Frameworks */,
				06604EF527952759005E5F3E /* Resources */,
			);
			buildRules = (
			);
			dependencies = (
			);
			name = Stashboard;
			productName = Stashboard;
			productReference = 06604EF727952759005E5F3E /* Stashboard.app */;
			productType = "com.apple.product-type.application";
		};
		06604F0C2795275F005E5F3E /* StashboardTests */ = {
			isa = PBXNativeTarget;
			buildConfigurationList = 06604F2427952760005E5F3E /* Build configuration list for PBXNativeTarget "StashboardTests" */;
			buildPhases = (
				06604F092795275F005E5F3E /* Sources */,
				06604F0A2795275F005E5F3E /* Frameworks */,
				06604F0B2795275F005E5F3E /* Resources */,
			);
			buildRules = (
			);
			dependencies = (
				06604F0F2795275F005E5F3E /* PBXTargetDependency */,
			);
			name = StashboardTests;
			productName = StashboardTests;
			productReference = 06604F0D2795275F005E5F3E /* StashboardTests.xctest */;
			productType = "com.apple.product-type.bundle.unit-test";
		};
		06604F162795275F005E5F3E /* StashboardUITests */ = {
			isa = PBXNativeTarget;
			buildConfigurationList = 06604F2727952760005E5F3E /* Build configuration list for PBXNativeTarget "StashboardUITests" */;
			buildPhases = (
				06604F132795275F005E5F3E /* Sources */,
				06604F142795275F005E5F3E /* Frameworks */,
				06604F152795275F005E5F3E /* Resources */,
			);
			buildRules = (
			);
			dependencies = (
				06604F192795275F005E5F3E /* PBXTargetDependency */,
			);
			name = StashboardUITests;
			productName = StashboardUITests;
			productReference = 06604F172795275F005E5F3E /* StashboardUITests.xctest */;
			productType = "com.apple.product-type.bundle.ui-testing";
		};
/* End PBXNativeTarget section */

/* Begin PBXProject section */
		06604EEF27952759005E5F3E /* Project object */ = {
			isa = PBXProject;
			attributes = {
				BuildIndependentTargetsInParallel = 1;
				LastSwiftUpdateCheck = 1320;
				LastUpgradeCheck = 1320;
				TargetAttributes = {
					06604EF627952759005E5F3E = {
						CreatedOnToolsVersion = 13.2.1;
					};
					06604F0C2795275F005E5F3E = {
						CreatedOnToolsVersion = 13.2.1;
						TestTargetID = 06604EF627952759005E5F3E;
					};
					06604F162795275F005E5F3E = {
						CreatedOnToolsVersion = 13.2.1;
						TestTargetID = 06604EF627952759005E5F3E;
					};
				};
			};
			buildConfigurationList = 06604EF227952759005E5F3E /* Build configuration list for PBXProject "Stashboard" */;
			compatibilityVersion = "Xcode 13.0";
			developmentRegion = en;
			hasScannedForEncodings = 0;
			knownRegions = (
				en,
				Base,
			);
			mainGroup = 06604EEE27952759005E5F3E;
			productRefGroup = 06604EF827952759005E5F3E /* Products */;
			projectDirPath = "";
			projectRoot = "";
			targets = (
				06604EF627952759005E5F3E /* Stashboard */,
				06604F0C2795275F005E5F3E /* StashboardTests */,
				06604F162795275F005E5F3E /* StashboardUITests */,
			);
		};
/* End PBXProject section */

/* Begin PBXResourcesBuildPhase section */
		06604EF527952759005E5F3E /* Resources */ = {
			isa = PBXResourcesBuildPhase;
			buildActionMask = 2147483647;
			files = (
				06604F072795275F005E5F3E /* LaunchScreen.storyboard in Resources */,
				06604F042795275F005E5F3E /* Assets.xcassets in Resources */,
				06604F0227952759005E5F3E /* Main.storyboard in Resources */,
			);
			runOnlyForDeploymentPostprocessing = 0;
		};
		06604F0B2795275F005E5F3E /* Resources */ = {
			isa = PBXResourcesBuildPhase;
			buildActionMask = 2147483647;
			files = (
			);
			runOnlyForDeploymentPostprocessing = 0;
		};
		06604F152795275F005E5F3E /* Resources */ = {
			isa = PBXResourcesBuildPhase;
			buildActionMask = 2147483647;
			files = (
			);
			runOnlyForDeploymentPostprocessing = 0;
		};
/* End PBXResourcesBuildPhase section */

/* Begin PBXSourcesBuildPhase section */
		06604EF327952759005E5F3E /* Sources */ = {
			isa = PBXSourcesBuildPhase;
			buildActionMask = 2147483647;
			files = (
				06604EFF27952759005E5F3E /* ViewController.swift in Sources */,
				06604EFB27952759005E5F3E /* AppDelegate.swift in Sources */,
				06604EFD27952759005E5F3E /* SceneDelegate.swift in Sources */,
			);
			runOnlyForDeploymentPostprocessing = 0;
		};
		06604F092795275F005E5F3E /* Sources */ = {
			isa = PBXSourcesBuildPhase;
			buildActionMask = 2147483647;
			files = (
				06604F122795275F005E5F3E /* StashboardTests.swift in Sources */,
			);
			runOnlyForDeploymentPostprocessing = 0;
		};
		06604F132795275F005E5F3E /* Sources */ = {
			isa = PBXSourcesBuildPhase;
			buildActionMask = 2147483647;
			files = (
				06604F1C2795275F005E5F3E /* StashboardUITests.swift in Sources */,
				06604F1E27952760005E5F3E /* StashboardUITestsLaunchTests.swift in Sources */,
			);
			runOnlyForDeploymentPostprocessing = 0;
		};
/* End PBXSourcesBuildPhase section */

/* Begin PBXTargetDependency section */
		06604F0F2795275F005E5F3E /* PBXTargetDependency */ = {
			isa = PBXTargetDependency;
			target = 06604EF627952759005E5F3E /* Stashboard */;
			targetProxy = 06604F0E2795275F005E5F3E /* PBXContainerItemProxy */;
		};
		06604F192795275F005E5F3E /* PBXTargetDependency */ = {
			isa = PBXTargetDependency;
			target = 06604EF627952759005E5F3E /* Stashboard */;
			targetProxy = 06604F182795275F005E5F3E /* PBXContainerItemProxy */;
		};
/* End PBXTargetDependency section */

/* Begin PBXVariantGroup section */
		06604F0027952759005E5F3E /* Main.storyboard */ = {
			isa = PBXVariantGroup;
			children = (
				06604F0127952759005E5F3E /* Base */,
			);
			name = Main.storyboard;
			sourceTree = "<group>";
		};
		06604F052795275F005E5F3E /* LaunchScreen.storyboard */ = {
			isa = PBXVariantGroup;
			children = (
				06604F062795275F005E5F3E /* Base */,
			);
			name = LaunchScreen.storyboard;
			sourceTree = "<group>";
		};
/* End PBXVariantGroup section */

/* Begin XCBuildConfiguration section */
		06604F1F27952760005E5F3E /* Debug */ = {
			isa = XCBuildConfiguration;
			buildSettings = {
				ALWAYS_SEARCH_USER_PATHS = NO;
				CLANG_ANALYZER_NONNULL = YES;
				CLANG_ANALYZER_NUMBER_OBJECT_CONVERSION = YES_AGGRESSIVE;
				CLANG_CXX_LANGUAGE_STANDARD = "gnu++17";
				CLANG_CXX_LIBRARY = "libc++";
				CLANG_ENABLE_MODULES = YES;
				CLANG_ENABLE_OBJC_ARC = YES;
				CLANG_ENABLE_OBJC_WEAK = YES;
				CLANG_WARN_BLOCK_CAPTURE_AUTORELEASING = YES;
				CLANG_WARN_BOOL_CONVERSION = YES;
				CLANG_WARN_COMMA = YES;
				CLANG_WARN_CONSTANT_CONVERSION = YES;
				CLANG_WARN_DEPRECATED_OBJC_IMPLEMENTATIONS = YES;
				CLANG_WARN_DIRECT_OBJC_ISA_USAGE = YES_ERROR;
				CLANG_WARN_DOCUMENTATION_COMMENTS = YES;
				CLANG_WARN_EMPTY_BODY = YES;
				CLANG_WARN_ENUM_CONVERSION = YES;
				CLANG_WARN_INFINITE_RECURSION = YES;
				CLANG_WARN_INT_CONVERSION = YES;
				CLANG_WARN_NON_LITERAL_NULL_CONVERSION = YES;
				CLANG_WARN_OBJC_IMPLICIT_RETAIN_SELF = YES;
				CLANG_WARN_OBJC_LITERAL_CONVERSION = YES;
				CLANG_WARN_OBJC_ROOT_CLASS = YES_ERROR;
				CLANG_WARN_QUOTED_INCLUDE_IN_FRAMEWORK_HEADER = YES;
				CLANG_WARN_RANGE_LOOP_ANALYSIS = YES;
				CLANG_WARN_STRICT_PROTOTYPES = YES;
				CLANG_WARN_SUSPICIOUS_MOVE = YES;
				CLANG_WARN_UNGUARDED_AVAILABILITY = YES_AGGRESSIVE;
				CLANG_WARN_UNREACHABLE_CODE = YES;
				CLANG_WARN__DUPLICATE_METHOD_MATCH = YES;
				COPY_PHASE_STRIP = NO;
				DEBUG_INFORMATION_FORMAT = dwarf;
				ENABLE_STRICT_OBJC_MSGSEND = YES;
				ENABLE_TESTABILITY = YES;
				GCC_C_LANGUAGE_STANDARD = gnu11;
				GCC_DYNAMIC_NO_PIC = NO;
				GCC_NO_COMMON_BLOCKS = YES;
				GCC_OPTIMIZATION_LEVEL = 0;
				GCC_PREPROCESSOR_DEFINITIONS = (
					"DEBUG=1",
					"$(inherited)",
				);
				GCC_WARN_64_TO_32_BIT_CONVERSION = YES;
				GCC_WARN_ABOUT_RETURN_TYPE = YES_ERROR;
				GCC_WARN_UNDECLARED_SELECTOR = YES;
				GCC_WARN_UNINITIALIZED_AUTOS = YES_AGGRESSIVE;
				GCC_WARN_UNUSED_FUNCTION = YES;
				GCC_WARN_UNUSED_VARIABLE = YES;
				IPHONEOS_DEPLOYMENT_TARGET = 15.2;
				MTL_ENABLE_DEBUG_INFO = INCLUDE_SOURCE;
				MTL_FAST_MATH = YES;
				ONLY_ACTIVE_ARCH = YES;
				SDKROOT = iphoneos;
				SWIFT_ACTIVE_COMPILATION_CONDITIONS = DEBUG;
				SWIFT_OPTIMIZATION_LEVEL = "-Onone";
			};
			name = Debug;
		};
		06604F2027952760005E5F3E /* Release */ = {
			isa = XCBuildConfiguration;
			buildSettings = {
				ALWAYS_SEARCH_USER_PATHS = NO;
				CLANG_ANALYZER_NONNULL = YES;
				CLANG_ANALYZER_NUMBER_OBJECT_CONVERSION = YES_AGGRESSIVE;
				CLANG_CXX_LANGUAGE_STANDARD = "gnu++17";
				CLANG_CXX_LIBRARY = "libc++";
				CLANG_ENABLE_MODULES = YES;
				CLANG_ENABLE_OBJC_ARC = YES;
				CLANG_ENABLE_OBJC_WEAK = YES;
				CLANG_WARN_BLOCK_CAPTURE_AUTORELEASING = YES;
				CLANG_WARN_BOOL_CONVERSION = YES;
				CLANG_WARN_COMMA = YES;
				CLANG_WARN_CONSTANT_CONVERSION = YES;
				CLANG_WARN_DEPRECATED_OBJC_IMPLEMENTATIONS = YES;
				CLANG_WARN_DIRECT_OBJC_ISA_USAGE = YES_ERROR;
				CLANG_WARN_DOCUMENTATION_COMMENTS = YES;
				CLANG_WARN_EMPTY_BODY = YES;
				CLANG_WARN_ENUM_CONVERSION = YES;
				CLANG_WARN_INFINITE_RECURSION = YES;
				CLANG_WARN_INT_CONVERSION = YES;
				CLANG_WARN_NON_LITERAL_NULL_CONVERSION = YES;
				CLANG_WARN_OBJC_IMPLICIT_RETAIN_SELF = YES;
				CLANG_WARN_OBJC_LITERAL_CONVERSION = YES;
				CLANG_WARN_OBJC_ROOT_CLASS = YES_ERROR;
				CLANG_WARN_QUOTED_INCLUDE_IN_FRAMEWORK_HEADER = YES;
				CLANG_WARN_RANGE_LOOP_ANALYSIS = YES;
				CLANG_WARN_STRICT_PROTOTYPES = YES;
				CLANG_WARN_SUSPICIOUS_MOVE = YES;
				CLANG_WARN_UNGUARDED_AVAILABILITY = YES_AGGRESSIVE;
				CLANG_WARN_UNREACHABLE_CODE = YES;
				CLANG_WARN__DUPLICATE_METHOD_MATCH = YES;
				COPY_PHASE_STRIP = NO;
				DEBUG_INFORMATION_FORMAT = "dwarf-with-dsym";
				ENABLE_NS_ASSERTIONS = NO;
				ENABLE_STRICT_OBJC_MSGSEND = YES;
				GCC_C_LANGUAGE_STANDARD = gnu11;
				GCC_NO_COMMON_BLOCKS = YES;
				GCC_WARN_64_TO_32_BIT_CONVERSION = YES;
				GCC_WARN_ABOUT_RETURN_TYPE = YES_ERROR;
				GCC_WARN_UNDECLARED_SELECTOR = YES;
				GCC_WARN_UNINITIALIZED_AUTOS = YES_AGGRESSIVE;
				GCC_WARN_UNUSED_FUNCTION = YES;
				GCC_WARN_UNUSED_VARIABLE = YES;
				IPHONEOS_DEPLOYMENT_TARGET = 15.2;
				MTL_ENABLE_DEBUG_INFO = NO;
				MTL_FAST_MATH = YES;
				SDKROOT = iphoneos;
				SWIFT_COMPILATION_MODE = wholemodule;
				SWIFT_OPTIMIZATION_LEVEL = "-O";
				VALIDATE_PRODUCT = YES;
			};
			name = Release;
		};
		06604F2227952760005E5F3E /* Debug */ = {
			isa = XCBuildConfiguration;
			buildSettings = {
				ASSETCATALOG_COMPILER_APPICON_NAME = AppIcon;
				ASSETCATALOG_COMPILER_GLOBAL_ACCENT_COLOR_NAME = AccentColor;
				CODE_SIGN_STYLE = Automatic;
				CURRENT_PROJECT_VERSION = 1;
				DEVELOPMENT_TEAM = G33KFY73JT;
				GENERATE_INFOPLIST_FILE = YES;
				INFOPLIST_FILE = Stashboard/Info.plist;
				INFOPLIST_KEY_UIApplicationSupportsIndirectInputEvents = YES;
				INFOPLIST_KEY_UILaunchStoryboardName = LaunchScreen;
				INFOPLIST_KEY_UIMainStoryboardFile = Main;
				INFOPLIST_KEY_UISupportedInterfaceOrientations_iPad = "UIInterfaceOrientationPortrait UIInterfaceOrientationPortraitUpsideDown UIInterfaceOrientationLandscapeLeft UIInterfaceOrientationLandscapeRight";
				INFOPLIST_KEY_UISupportedInterfaceOrientations_iPhone = "UIInterfaceOrientationPortrait UIInterfaceOrientationLandscapeLeft UIInterfaceOrientationLandscapeRight";
				LD_RUNPATH_SEARCH_PATHS = (
					"$(inherited)",
					"@executable_path/Frameworks",
				);
				MARKETING_VERSION = 1.0;
				PRODUCT_BUNDLE_IDENTIFIER = com.example.Stashboard;
				PRODUCT_NAME = "$(TARGET_NAME)";
				SWIFT_EMIT_LOC_STRINGS = YES;
				SWIFT_VERSION = 5.0;
				TARGETED_DEVICE_FAMILY = "1,2";
			};
			name = Debug;
		};
		06604F2327952760005E5F3E /* Release */ = {
			isa = XCBuildConfiguration;
			buildSettings = {
				ASSETCATALOG_COMPILER_APPICON_NAME = AppIcon;
				ASSETCATALOG_COMPILER_GLOBAL_ACCENT_COLOR_NAME = AccentColor;
				CODE_SIGN_STYLE = Automatic;
				CURRENT_PROJECT_VERSION = 1;
				DEVELOPMENT_TEAM = G33KFY73JT;
				GENERATE_INFOPLIST_FILE = YES;
				INFOPLIST_FILE = Stashboard/Info.plist;
				INFOPLIST_KEY_UIApplicationSupportsIndirectInputEvents = YES;
				INFOPLIST_KEY_UILaunchStoryboardName = LaunchScreen;
				INFOPLIST_KEY_UIMainStoryboardFile = Main;
				INFOPLIST_KEY_UISupportedInterfaceOrientations_iPad = "UIInterfaceOrientationPortrait UIInterfaceOrientationPortraitUpsideDown UIInterfaceOrientationLandscapeLeft UIInterfaceOrientationLandscapeRight";
				INFOPLIST_KEY_UISupportedInterfaceOrientations_iPhone = "UIInterfaceOrientationPortrait UIInterfaceOrientationLandscapeLeft UIInterfaceOrientationLandscapeRight";
				LD_RUNPATH_SEARCH_PATHS = (
					"$(inherited)",
					"@executable_path/Frameworks",
				);
				MARKETING_VERSION = 1.0;
				PRODUCT_BUNDLE_IDENTIFIER = com.example.Stashboard;
				PRODUCT_NAME = "$(TARGET_NAME)";
				SWIFT_EMIT_LOC_STRINGS = YES;
				SWIFT_VERSION = 5.0;
				TARGETED_DEVICE_FAMILY = "1,2";
			};
			name = Release;
		};
		06604F2527952760005E5F3E /* Debug */ = {
			isa = XCBuildConfiguration;
			buildSettings = {
				ALWAYS_EMBED_SWIFT_STANDARD_LIBRARIES = YES;
				BUNDLE_LOADER = "$(TEST_HOST)";
				CODE_SIGN_STYLE = Automatic;
				CURRENT_PROJECT_VERSION = 1;
				DEVELOPMENT_TEAM = G33KFY73JT;
				GENERATE_INFOPLIST_FILE = YES;
				IPHONEOS_DEPLOYMENT_TARGET = 15.2;
				MARKETING_VERSION = 1.0;
				PRODUCT_BUNDLE_IDENTIFIER = com.example.StashboardTests;
				PRODUCT_NAME = "$(TARGET_NAME)";
				SWIFT_EMIT_LOC_STRINGS = NO;
				SWIFT_VERSION = 5.0;
				TARGETED_DEVICE_FAMILY = "1,2";
				TEST_HOST = "$(BUILT_PRODUCTS_DIR)/Stashboard.app/Stashboard";
			};
			name = Debug;
		};
		06604F2627952760005E5F3E /* Release */ = {
			isa = XCBuildConfiguration;
			buildSettings = {
				ALWAYS_EMBED_SWIFT_STANDARD_LIBRARIES = YES;
				BUNDLE_LOADER = "$(TEST_HOST)";
				CODE_SIGN_STYLE = Automatic;
				CURRENT_PROJECT_VERSION = 1;
				DEVELOPMENT_TEAM = G33KFY73JT;
				GENERATE_INFOPLIST_FILE = YES;
				IPHONEOS_DEPLOYMENT_TARGET = 15.2;
				MARKETING_VERSION = 1.0;
				PRODUCT_BUNDLE_IDENTIFIER = com.example.StashboardTests;
				PRODUCT_NAME = "$(TARGET_NAME)";
				SWIFT_EMIT_LOC_STRINGS = NO;
				SWIFT_VERSION = 5.0;
				TARGETED_DEVICE_FAMILY = "1,2";
				TEST_HOST = "$(BUILT_PRODUCTS_DIR)/Stashboard.app/Stashboard";
			};
			name = Release;
		};
		06604F2827952760005E5F3E /* Debug */ = {
			isa = XCBuildConfiguration;
			buildSettings = {
				ALWAYS_EMBED_SWIFT_STANDARD_LIBRARIES = YES;
				CODE_SIGN_STYLE = Automatic;
				CURRENT_PROJECT_VERSION = 1;
				DEVELOPMENT_TEAM = G33KFY73JT;
				GENERATE_INFOPLIST_FILE = YES;
				MARKETING_VERSION = 1.0;
				PRODUCT_BUNDLE_IDENTIFIER = com.example.StashboardUITests;
				PRODUCT_NAME = "$(TARGET_NAME)";
				SWIFT_EMIT_LOC_STRINGS = NO;
				SWIFT_VERSION = 5.0;
				TARGETED_DEVICE_FAMILY = "1,2";
				TEST_TARGET_NAME = Stashboard;
			};
			name = Debug;
		};
		06604F2927952760005E5F3E /* Release */ = {
			isa = XCBuildConfiguration;
			buildSettings = {
				ALWAYS_EMBED_SWIFT_STANDARD_LIBRARIES = YES;
				CODE_SIGN_STYLE = Automatic;
				CURRENT_PROJECT_VERSION = 1;
				DEVELOPMENT_TEAM = G33KFY73JT;
				GENERATE_INFOPLIST_FILE = YES;
				MARKETING_VERSION = 1.0;
				PRODUCT_BUNDLE_IDENTIFIER = com.example.StashboardUITests;
				PRODUCT_NAME = "$(TARGET_NAME)";
				SWIFT_EMIT_LOC_STRINGS = NO;
				SWIFT_VERSION = 5.0;
				TARGETED_DEVICE_FAMILY = "1,2";
				TEST_TARGET_NAME = Stashboard;
			};
			name = Release;
		};
/* End XCBuildConfiguration section */

/* Begin XCConfigurationList section */
		06604EF227952759005E5F3E /* Build configuration list for PBXProject "Stashboard" */ = {
			isa = XCConfigurationList;
			buildConfigurations = (
				06604F1F27952760005E5F3E /* Debug */,
				06604F2027952760005E5F3E /* Release */,
			);
			defaultConfigurationIsVisible = 0;
			defaultConfigurationName = Release;
		};
		06604F2127952760005E5F3E /* Build configuration list for PBXNativeTarget "Stashboard" */ = {
			isa = XCConfigurationList;
			buildConfigurations = (
				06604F2227952760005E5F3E /* Debug */,
				06604F2327952760005E5F3E /* Release */,
			);
			defaultConfigurationIsVisible = 0;
			defaultConfigurationName = Release;
		};
		06604F2427952760005E5F3E /* Build configuration list for PBXNativeTarget "StashboardTests" */ = {
			isa = XCConfigurationList;
			buildConfigurations = (
				06604F2527952760005E5F3E /* Debug */,
				06604F2627952760005E5F3E /* Release */,
			);
			defaultConfigurationIsVisible = 0;
			defaultConfigurationName = Release;
		};
		06604F2727952760005E5F3E /* Build configuration list for PBXNativeTarget "StashboardUITests" */ = {
			isa = XCConfigurationList;
			buildConfigurations = (
				06604F2827952760005E5F3E /* Debug */,
				06604F2927952760005E5F3E /* Release */,
			);
			defaultConfigurationIsVisible = 0;
			defaultConfigurationName = Release;
		};
/* End XCConfigurationList section */
	};
	rootObject = 06604EEF27952759005E5F3E /* Project object */;
}
